
Microsoft Visual Studio Solution File, Format Version 12.00
# Visual Studio Version 16
VisualStudioVersion = 16.0.30204.135
MinimumVisualStudioVersion = 10.0.40219.1
Project("{9A19103F-16F7-4668-BE54-9A1E7A4F7556}") = "Mission002", "Mission002\Mission002.csproj", "{78689B6B-67CD-4833-B4CE-14D3F674B272}"
EndProject
Project("{9A19103F-16F7-4668-BE54-9A1E7A4F7556}") = "Mission001", "Mission001\Mission001.csproj", "{73B89842-89B5-4981-9B25-492609486133}"
EndProject
Global
	GlobalSection(SolutionConfigurationPlatforms) = preSolution
		Debug|Any CPU = Debug|Any CPU
		Release|Any CPU = Release|Any CPU
	EndGlobalSection
	GlobalSection(ProjectConfigurationPlatforms) = postSolution
		{78689B6B-67CD-4833-B4CE-14D3F674B272}.Debug|Any CPU.ActiveCfg = Debug|Any CPU
		{78689B6B-67CD-4833-B4CE-14D3F674B272}.Debug|Any CPU.Build.0 = Debug|Any CPU
		{78689B6B-67CD-4833-B4CE-14D3F674B272}.Release|Any CPU.ActiveCfg = Release|Any CPU
		{78689B6B-67CD-4833-B4CE-14D3F674B272}.Release|Any CPU.Build.0 = Release|Any CPU
		{73B89842-89B5-4981-9B25-492609486133}.Debug|Any CPU.ActiveCfg = Debug|Any CPU
		{73B89842-89B5-4981-9B25-492609486133}.Debug|Any CPU.Build.0 = Debug|Any CPU
		{73B89842-89B5-4981-9B25-492609486133}.Release|Any CPU.ActiveCfg = Release|Any CPU
		{73B89842-89B5-4981-9B25-492609486133}.Release|Any CPU.Build.0 = Release|Any CPU
	EndGlobalSection
	GlobalSection(SolutionProperties) = preSolution
		HideSolutionNode = FALSE
	EndGlobalSection
	GlobalSection(ExtensibilityGlobals) = postSolution
		SolutionGuid = {8FFF9D51-2880-472D-B860-A7DEDF41A4FA}
	EndGlobalSection
EndGlobal
